
Microsoft Visual Studio Solution File, Format Version 12.00
# Visual Studio Version 17
VisualStudioVersion = 17.14.37027.9
MinimumVisualStudioVersion = 10.0.40219.1
Project("{2150E333-8FDC-42A3-9474-1A3956D46DE8}") = "src", "src", "{02EA681E-C7D8-13C7-8484-4AC65E1B71E8}"
EndProject
Project("{2150E333-8FDC-42A3-9474-1A3956D46DE8}") = "tests", "tests", "{F527A253-722C-4F38-9E29-CBA217819F01}"
EndProject
Project("{2150E333-8FDC-42A3-9474-1A3956D46DE8}") = "docs", "docs", "{E1B834E3-9E3D-4B22-A1E3-F71738149D51}"
	ProjectSection(SolutionItems) = preProject
		..\..\PerformansDeğerlendirmeSistemi\VakıfBank360_Kullanıcı_Kılavuzu.pdf = ..\..\PerformansDeğerlendirmeSistemi\VakıfBank360_Kullanıcı_Kılavuzu.pdf
		..\..\PerformansDeğerlendirmeSistemi\VakıfBank360_Test_Raporu.pdf = ..\..\PerformansDeğerlendirmeSistemi\VakıfBank360_Test_Raporu.pdf
	EndProjectSection
EndProject
Project("{FAE04EC0-301F-11D3-BF4B-00C04F79EFBC}") = "PerformanceEvaluation.API", "src\PerformanceEvaluation.API\PerformanceEvaluation.API.csproj", "{31882BED-EFFD-4741-A890-16C35B5A008F}"
EndProject
Project("{FAE04EC0-301F-11D3-BF4B-00C04F79EFBC}") = "PerformanceEvaluation.Application", "src\PerformanceEvaluation.Application\PerformanceEvaluation.Application.csproj", "{1EFB97C1-05A7-4827-9DFA-A66916815010}"
EndProject
Project("{FAE04EC0-301F-11D3-BF4B-00C04F79EFBC}") = "PerformanceEvaluation.Domain", "src\PerformanceEvaluation.Domain\PerformanceEvaluation.Domain.csproj", "{C1689B44-E809-4CC0-8689-7E4C51AE68B0}"
EndProject
Project("{FAE04EC0-301F-11D3-BF4B-00C04F79EFBC}") = "PerformanceEvaluation.Infrastructure", "src\PerformanceEvaluation.Infrastructure\PerformanceEvaluation.Infrastructure.csproj", "{E752A22E-C066-43F7-8163-1DFFE0BCC48A}"
EndProject
Project("{FAE04EC0-301F-11D3-BF4B-00C04F79EFBC}") = "PerformanceEvaluation.UnitTests", "tests\PerformanceEvaluation.UnitTests\PerformanceEvaluation.UnitTests.csproj", "{762090C0-9279-4BA4-BCFF-F3A9FB5655DB}"
EndProject
Project("{FAE04EC0-301F-11D3-BF4B-00C04F79EFBC}") = "PerformanceEvaluation.IntegrationTests", "tests\PerformanceEvaluation.IntegrationTests\PerformanceEvaluation.IntegrationTests.csproj", "{03803AE1-C56B-482F-9758-6A4A3A09C347}"
EndProject
Global
	GlobalSection(SolutionConfigurationPlatforms) = preSolution
		Debug|Any CPU = Debug|Any CPU
		Debug|x64 = Debug|x64
		Debug|x86 = Debug|x86
		Release|Any CPU = Release|Any CPU
		Release|x64 = Release|x64
		Release|x86 = Release|x86
	EndGlobalSection
	GlobalSection(ProjectConfigurationPlatforms) = postSolution
		{31882BED-EFFD-4741-A890-16C35B5A008F}.Debug|Any CPU.ActiveCfg = Debug|Any CPU
		{31882BED-EFFD-4741-A890-16C35B5A008F}.Debug|Any CPU.Build.0 = Debug|Any CPU
		{31882BED-EFFD-4741-A890-16C35B5A008F}.Debug|x64.ActiveCfg = Debug|Any CPU
		{31882BED-EFFD-4741-A890-16C35B5A008F}.Debug|x64.Build.0 = Debug|Any CPU
		{31882BED-EFFD-4741-A890-16C35B5A008F}.Debug|x86.ActiveCfg = Debug|Any CPU
		{31882BED-EFFD-4741-A890-16C35B5A008F}.Debug|x86.Build.0 = Debug|Any CPU
		{31882BED-EFFD-4741-A890-16C35B5A008F}.Release|Any CPU.ActiveCfg = Release|Any CPU
		{31882BED-EFFD-4741-A890-16C35B5A008F}.Release|Any CPU.Build.0 = Release|Any CPU
		{31882BED-EFFD-4741-A890-16C35B5A008F}.Release|x64.ActiveCfg = Release|Any CPU
		{31882BED-EFFD-4741-A890-16C35B5A008F}.Release|x64.Build.0 = Release|Any CPU
		{31882BED-EFFD-4741-A890-16C35B5A008F}.Release|x86.ActiveCfg = Release|Any CPU
		{31882BED-EFFD-4741-A890-16C35B5A008F}.Release|x86.Build.0 = Release|Any CPU
		{1EFB97C1-05A7-4827-9DFA-A66916815010}.Debug|Any CPU.ActiveCfg = Debug|Any CPU
		{1EFB97C1-05A7-4827-9DFA-A66916815010}.Debug|Any CPU.Build.0 = Debug|Any CPU
		{1EFB97C1-05A7-4827-9DFA-A66916815010}.Debug|x64.ActiveCfg = Debug|Any CPU
		{1EFB97C1-05A7-4827-9DFA-A66916815010}.Debug|x64.Build.0 = Debug|Any CPU
		{1EFB97C1-05A7-4827-9DFA-A66916815010}.Debug|x86.ActiveCfg = Debug|Any CPU
		{1EFB97C1-05A7-4827-9DFA-A66916815010}.Debug|x86.Build.0 = Debug|Any CPU
		{1EFB97C1-05A7-4827-9DFA-A66916815010}.Release|Any CPU.ActiveCfg = Release|Any CPU
		{1EFB97C1-05A7-4827-9DFA-A66916815010}.Release|Any CPU.Build.0 = Release|Any CPU
		{1EFB97C1-05A7-4827-9DFA-A66916815010}.Release|x64.ActiveCfg = Release|Any CPU
		{1EFB97C1-05A7-4827-9DFA-A66916815010}.Release|x64.Build.0 = Release|Any CPU
		{1EFB97C1-05A7-4827-9DFA-A66916815010}.Release|x86.ActiveCfg = Release|Any CPU
		{1EFB97C1-05A7-4827-9DFA-A66916815010}.Release|x86.Build.0 = Release|Any CPU
		{C1689B44-E809-4CC0-8689-7E4C51AE68B0}.Debug|Any CPU.ActiveCfg = Debug|Any CPU
		{C1689B44-E809-4CC0-8689-7E4C51AE68B0}.Debug|Any CPU.Build.0 = Debug|Any CPU
		{C1689B44-E809-4CC0-8689-7E4C51AE68B0}.Debug|x64.ActiveCfg = Debug|Any CPU
		{C1689B44-E809-4CC0-8689-7E4C51AE68B0}.Debug|x64.Build.0 = Debug|Any CPU
		{C1689B44-E809-4CC0-8689-7E4C51AE68B0}.Debug|x86.ActiveCfg = Debug|Any CPU
		{C1689B44-E809-4CC0-8689-7E4C51AE68B0}.Debug|x86.Build.0 = Debug|Any CPU
		{C1689B44-E809-4CC0-8689-7E4C51AE68B0}.Release|Any CPU.ActiveCfg = Release|Any CPU
		{C1689B44-E809-4CC0-8689-7E4C51AE68B0}.Release|Any CPU.Build.0 = Release|Any CPU
		{C1689B44-E809-4CC0-8689-7E4C51AE68B0}.Release|x64.ActiveCfg = Release|Any CPU
		{C1689B44-E809-4CC0-8689-7E4C51AE68B0}.Release|x64.Build.0 = Release|Any CPU
		{C1689B44-E809-4CC0-8689-7E4C51AE68B0}.Release|x86.ActiveCfg = Release|Any CPU
		{C1689B44-E809-4CC0-8689-7E4C51AE68B0}.Release|x86.Build.0 = Release|Any CPU
		{E752A22E-C066-43F7-8163-1DFFE0BCC48A}.Debug|Any CPU.ActiveCfg = Debug|Any CPU
		{E752A22E-C066-43F7-8163-1DFFE0BCC48A}.Debug|Any CPU.Build.0 = Debug|Any CPU
		{E752A22E-C066-43F7-8163-1DFFE0BCC48A}.Debug|x64.ActiveCfg = Debug|Any CPU
		{E752A22E-C066-43F7-8163-1DFFE0BCC48A}.Debug|x64.Build.0 = Debug|Any CPU
		{E752A22E-C066-43F7-8163-1DFFE0BCC48A}.Debug|x86.ActiveCfg = Debug|Any CPU
		{E752A22E-C066-43F7-8163-1DFFE0BCC48A}.Debug|x86.Build.0 = Debug|Any CPU
		{E752A22E-C066-43F7-8163-1DFFE0BCC48A}.Release|Any CPU.ActiveCfg = Release|Any CPU
		{E752A22E-C066-43F7-8163-1DFFE0BCC48A}.Release|Any CPU.Build.0 = Release|Any CPU
		{E752A22E-C066-43F7-8163-1DFFE0BCC48A}.Release|x64.ActiveCfg = Release|Any CPU
		{E752A22E-C066-43F7-8163-1DFFE0BCC48A}.Release|x64.Build.0 = Release|Any CPU
		{E752A22E-C066-43F7-8163-1DFFE0BCC48A}.Release|x86.ActiveCfg = Release|Any CPU
		{E752A22E-C066-43F7-8163-1DFFE0BCC48A}.Release|x86.Build.0 = Release|Any CPU
		{762090C0-9279-4BA4-BCFF-F3A9FB5655DB}.Debug|Any CPU.ActiveCfg = Debug|Any CPU
		{762090C0-9279-4BA4-BCFF-F3A9FB5655DB}.Debug|Any CPU.Build.0 = Debug|Any CPU
		{762090C0-9279-4BA4-BCFF-F3A9FB5655DB}.Debug|x64.ActiveCfg = Debug|Any CPU
		{762090C0-9279-4BA4-BCFF-F3A9FB5655DB}.Debug|x64.Build.0 = Debug|Any CPU
		{762090C0-9279-4BA4-BCFF-F3A9FB5655DB}.Debug|x86.ActiveCfg = Debug|Any CPU
		{762090C0-9279-4BA4-BCFF-F3A9FB5655DB}.Debug|x86.Build.0 = Debug|Any CPU
		{762090C0-9279-4BA4-BCFF-F3A9FB5655DB}.Release|Any CPU.ActiveCfg = Release|Any CPU
		{762090C0-9279-4BA4-BCFF-F3A9FB5655DB}.Release|Any CPU.Build.0 = Release|Any CPU
		{762090C0-9279-4BA4-BCFF-F3A9FB5655DB}.Release|x64.ActiveCfg = Release|Any CPU
		{762090C0-9279-4BA4-BCFF-F3A9FB5655DB}.Release|x64.Build.0 = Release|Any CPU
		{762090C0-9279-4BA4-BCFF-F3A9FB5655DB}.Release|x86.ActiveCfg = Release|Any CPU
		{762090C0-9279-4BA4-BCFF-F3A9FB5655DB}.Release|x86.Build.0 = Release|Any CPU
		{03803AE1-C56B-482F-9758-6A4A3A09C347}.Debug|Any CPU.ActiveCfg = Debug|Any CPU
		{03803AE1-C56B-482F-9758-6A4A3A09C347}.Debug|Any CPU.Build.0 = Debug|Any CPU
		{03803AE1-C56B-482F-9758-6A4A3A09C347}.Debug|x64.ActiveCfg = Debug|Any CPU
		{03803AE1-C56B-482F-9758-6A4A3A09C347}.Debug|x64.Build.0 = Debug|Any CPU
		{03803AE1-C56B-482F-9758-6A4A3A09C347}.Debug|x86.ActiveCfg = Debug|Any CPU
		{03803AE1-C56B-482F-9758-6A4A3A09C347}.Debug|x86.Build.0 = Debug|Any CPU
		{03803AE1-C56B-482F-9758-6A4A3A09C347}.Release|Any CPU.ActiveCfg = Release|Any CPU
		{03803AE1-C56B-482F-9758-6A4A3A09C347}.Release|Any CPU.Build.0 = Release|Any CPU
		{03803AE1-C56B-482F-9758-6A4A3A09C347}.Release|x64.ActiveCfg = Release|Any CPU
		{03803AE1-C56B-482F-9758-6A4A3A09C347}.Release|x64.Build.0 = Release|Any CPU
		{03803AE1-C56B-482F-9758-6A4A3A09C347}.Release|x86.ActiveCfg = Release|Any CPU
		{03803AE1-C56B-482F-9758-6A4A3A09C347}.Release|x86.Build.0 = Release|Any CPU
	EndGlobalSection
	GlobalSection(SolutionProperties) = preSolution
		HideSolutionNode = FALSE
	EndGlobalSection
	GlobalSection(NestedProjects) = preSolution
		{31882BED-EFFD-4741-A890-16C35B5A008F} = {02EA681E-C7D8-13C7-8484-4AC65E1B71E8}
		{1EFB97C1-05A7-4827-9DFA-A66916815010} = {02EA681E-C7D8-13C7-8484-4AC65E1B71E8}
		{C1689B44-E809-4CC0-8689-7E4C51AE68B0} = {02EA681E-C7D8-13C7-8484-4AC65E1B71E8}
		{E752A22E-C066-43F7-8163-1DFFE0BCC48A} = {02EA681E-C7D8-13C7-8484-4AC65E1B71E8}
		{762090C0-9279-4BA4-BCFF-F3A9FB5655DB} = {F527A253-722C-4F38-9E29-CBA217819F01}
		{03803AE1-C56B-482F-9758-6A4A3A09C347} = {F527A253-722C-4F38-9E29-CBA217819F01}
	EndGlobalSection
	GlobalSection(ExtensibilityGlobals) = postSolution
		SolutionGuid = {BBB388C8-6BC3-4691-A6C2-59D95B1F46D2}
	EndGlobalSection
EndGlobal
